
Microsoft Visual Studio Solution File, Format Version 12.00
# Visual Studio Version 16
VisualStudioVersion = 16.0.31729.503
MinimumVisualStudioVersion = 10.0.40219.1
Project("{FAE04EC0-301F-11D3-BF4B-00C04F79EFBC}") = "LotTrackerApp", "LotTrackerApp\LotTrackerApp.csproj", "{BBF3837F-AFA6-4510-974B-253BA2B031DB}"
EndProject
Global
	GlobalSection(SolutionConfigurationPlatforms) = preSolution
		Debug|Any CPU = Debug|Any CPU
		Release|Any CPU = Release|Any CPU
	EndGlobalSection
	GlobalSection(ProjectConfigurationPlatforms) = postSolution
		{BBF3837F-AFA6-4510-974B-253BA2B031DB}.Debug|Any CPU.ActiveCfg = Debug|Any CPU
		{BBF3837F-AFA6-4510-974B-253BA2B031DB}.Debug|Any CPU.Build.0 = Debug|Any CPU
		{BBF3837F-AFA6-4510-974B-253BA2B031DB}.Release|Any CPU.ActiveCfg = Release|Any CPU
		{BBF3837F-AFA6-4510-974B-253BA2B031DB}.Release|Any CPU.Build.0 = Release|Any CPU
	EndGlobalSection
	GlobalSection(SolutionProperties) = preSolution
		HideSolutionNode = FALSE
	EndGlobalSection
	GlobalSection(ExtensibilityGlobals) = postSolution
		SolutionGuid = {D52CCC57-739A-4705-8F7D-3DAB17BEA113}
	EndGlobalSection
EndGlobal
